
Microsoft Visual Studio Solution File, Format Version 12.00
# Visual Studio Version 16
VisualStudioVersion = 16.0.30907.101
MinimumVisualStudioVersion = 10.0.40219.1
Project("{FAE04EC0-301F-11D3-BF4B-00C04F79EFBC}") = "ChatClient", "ChatClient\ChatClient.csproj", "{2DC3D08D-2EE0-47C3-BBB1-FCC53882A250}"
EndProject
Global
	GlobalSection(SolutionConfigurationPlatforms) = preSolution
		Debug|Any CPU = Debug|Any CPU
		Release|Any CPU = Release|Any CPU
	EndGlobalSection
	GlobalSection(ProjectConfigurationPlatforms) = postSolution
		{2DC3D08D-2EE0-47C3-BBB1-FCC53882A250}.Debug|Any CPU.ActiveCfg = Debug|Any CPU
		{2DC3D08D-2EE0-47C3-BBB1-FCC53882A250}.Debug|Any CPU.Build.0 = Debug|Any CPU
		{2DC3D08D-2EE0-47C3-BBB1-FCC53882A250}.Release|Any CPU.ActiveCfg = Release|Any CPU
		{2DC3D08D-2EE0-47C3-BBB1-FCC53882A250}.Release|Any CPU.Build.0 = Release|Any CPU
	EndGlobalSection
	GlobalSection(SolutionProperties) = preSolution
		HideSolutionNode = FALSE
	EndGlobalSection
	GlobalSection(ExtensibilityGlobals) = postSolution
		SolutionGuid = {902CD4AB-0DE9-4DB8-8202-730ECA95AB40}
	EndGlobalSection
EndGlobal
